
Microsoft Visual Studio Solution File, Format Version 12.00
# Visual Studio 14
VisualStudioVersion = 14.0.25420.1
MinimumVisualStudioVersion = 10.0.40219.1
Project("{FAE04EC0-301F-11D3-BF4B-00C04F79EFBC}") = "Task 01-Poke Mo", "Task 01-Poke Mo\Task 01-Poke Mo.csproj", "{BDB889EC-B00A-4EF8-8318-13DD1950AB34}"
EndProject
Project("{FAE04EC0-301F-11D3-BF4B-00C04F79EFBC}") = "Task 02-PokemonGo", "Task 02-PokemonGo\Task 02-PokemonGo.csproj", "{7ABCE2E5-CE15-41EE-8632-CD3F75A8B06B}"
EndProject
Project("{FAE04EC0-301F-11D3-BF4B-00C04F79EFBC}") = "Task 03-Evolution", "Task 03-Evolution\Task 03-Evolution.csproj", "{B983C16A-1B99-42A6-987F-BD6F633135FB}"
EndProject
Project("{FAE04EC0-301F-11D3-BF4B-00C04F79EFBC}") = "Task 04-RegexMon", "Task 04-RegexMon\Task 04-RegexMon.csproj", "{BB620F83-BFE7-493E-843E-9A89E9905B9F}"
EndProject
Global
	GlobalSection(SolutionConfigurationPlatforms) = preSolution
		Debug|Any CPU = Debug|Any CPU
		Release|Any CPU = Release|Any CPU
	EndGlobalSection
	GlobalSection(ProjectConfigurationPlatforms) = postSolution
		{BDB889EC-B00A-4EF8-8318-13DD1950AB34}.Debug|Any CPU.ActiveCfg = Debug|Any CPU
		{BDB889EC-B00A-4EF8-8318-13DD1950AB34}.Debug|Any CPU.Build.0 = Debug|Any CPU
		{BDB889EC-B00A-4EF8-8318-13DD1950AB34}.Release|Any CPU.ActiveCfg = Release|Any CPU
		{BDB889EC-B00A-4EF8-8318-13DD1950AB34}.Release|Any CPU.Build.0 = Release|Any CPU
		{7ABCE2E5-CE15-41EE-8632-CD3F75A8B06B}.Debug|Any CPU.ActiveCfg = Debug|Any CPU
		{7ABCE2E5-CE15-41EE-8632-CD3F75A8B06B}.Debug|Any CPU.Build.0 = Debug|Any CPU
		{7ABCE2E5-CE15-41EE-8632-CD3F75A8B06B}.Release|Any CPU.ActiveCfg = Release|Any CPU
		{7ABCE2E5-CE15-41EE-8632-CD3F75A8B06B}.Release|Any CPU.Build.0 = Release|Any CPU
		{B983C16A-1B99-42A6-987F-BD6F633135FB}.Debug|Any CPU.ActiveCfg = Debug|Any CPU
		{B983C16A-1B99-42A6-987F-BD6F633135FB}.Debug|Any CPU.Build.0 = Debug|Any CPU
		{B983C16A-1B99-42A6-987F-BD6F633135FB}.Release|Any CPU.ActiveCfg = Release|Any CPU
		{B983C16A-1B99-42A6-987F-BD6F633135FB}.Release|Any CPU.Build.0 = Release|Any CPU
		{BB620F83-BFE7-493E-843E-9A89E9905B9F}.Debug|Any CPU.ActiveCfg = Debug|Any CPU
		{BB620F83-BFE7-493E-843E-9A89E9905B9F}.Debug|Any CPU.Build.0 = Debug|Any CPU
		{BB620F83-BFE7-493E-843E-9A89E9905B9F}.Release|Any CPU.ActiveCfg = Release|Any CPU
		{BB620F83-BFE7-493E-843E-9A89E9905B9F}.Release|Any CPU.Build.0 = Release|Any CPU
	EndGlobalSection
	GlobalSection(SolutionProperties) = preSolution
		HideSolutionNode = FALSE
	EndGlobalSection
EndGlobal
