
Microsoft Visual Studio Solution File, Format Version 12.00
# Visual Studio 14
VisualStudioVersion = 14.0.25420.1
MinimumVisualStudioVersion = 10.0.40219.1
Project("{FAE04EC0-301F-11D3-BF4B-00C04F79EFBC}") = "Task 01-To Base-N", "Task 01-To Base-N\Task 01-To Base-N.csproj", "{753258EF-F101-4433-AB50-3BAE550BE14C}"
EndProject
Project("{FAE04EC0-301F-11D3-BF4B-00C04F79EFBC}") = "Task 03-Unicode Chars", "Task 03-Unicode Chars\Task 03-Unicode Chars.csproj", "{7385B3CC-6706-409D-8382-826BC961AD1D}"
EndProject
Project("{FAE04EC0-301F-11D3-BF4B-00C04F79EFBC}") = "Task 04-Char Multip", "Task 04-Char Multip\Task 04-Char Multip.csproj", "{57EE835F-9A4F-4E38-9451-C2369281430A}"
EndProject
Project("{FAE04EC0-301F-11D3-BF4B-00C04F79EFBC}") = "Task 05-Sum Big Nums", "Task 05-Sum Big Nums\Task 05-Sum Big Nums.csproj", "{D3CFF26E-85AB-4111-B3E5-12363AD4AC55}"
EndProject
Project("{FAE04EC0-301F-11D3-BF4B-00C04F79EFBC}") = "Task 06-Multiply Nums", "Task 06-Multiply Nums\Task 06-Multiply Nums.csproj", "{6A786F0F-01D3-4B3C-BE39-1854F05032E5}"
EndProject
Project("{FAE04EC0-301F-11D3-BF4B-00C04F79EFBC}") = "Task 07-Magic Nums", "Task 07-Magic Nums\Task 07-Magic Nums.csproj", "{D32C2FB8-004A-4634-BCC5-679576E9A6F3}"
EndProject
Project("{FAE04EC0-301F-11D3-BF4B-00C04F79EFBC}") = "Task 02-From Base-N", "Task 02-From Base-N\Task 02-From Base-N.csproj", "{E711EBC2-246D-4F30-90F3-6315B77530D6}"
EndProject
Global
	GlobalSection(SolutionConfigurationPlatforms) = preSolution
		Debug|Any CPU = Debug|Any CPU
		Release|Any CPU = Release|Any CPU
	EndGlobalSection
	GlobalSection(ProjectConfigurationPlatforms) = postSolution
		{753258EF-F101-4433-AB50-3BAE550BE14C}.Debug|Any CPU.ActiveCfg = Debug|Any CPU
		{753258EF-F101-4433-AB50-3BAE550BE14C}.Debug|Any CPU.Build.0 = Debug|Any CPU
		{753258EF-F101-4433-AB50-3BAE550BE14C}.Release|Any CPU.ActiveCfg = Release|Any CPU
		{753258EF-F101-4433-AB50-3BAE550BE14C}.Release|Any CPU.Build.0 = Release|Any CPU
		{7385B3CC-6706-409D-8382-826BC961AD1D}.Debug|Any CPU.ActiveCfg = Debug|Any CPU
		{7385B3CC-6706-409D-8382-826BC961AD1D}.Debug|Any CPU.Build.0 = Debug|Any CPU
		{7385B3CC-6706-409D-8382-826BC961AD1D}.Release|Any CPU.ActiveCfg = Release|Any CPU
		{7385B3CC-6706-409D-8382-826BC961AD1D}.Release|Any CPU.Build.0 = Release|Any CPU
		{57EE835F-9A4F-4E38-9451-C2369281430A}.Debug|Any CPU.ActiveCfg = Debug|Any CPU
		{57EE835F-9A4F-4E38-9451-C2369281430A}.Debug|Any CPU.Build.0 = Debug|Any CPU
		{57EE835F-9A4F-4E38-9451-C2369281430A}.Release|Any CPU.ActiveCfg = Release|Any CPU
		{57EE835F-9A4F-4E38-9451-C2369281430A}.Release|Any CPU.Build.0 = Release|Any CPU
		{D3CFF26E-85AB-4111-B3E5-12363AD4AC55}.Debug|Any CPU.ActiveCfg = Debug|Any CPU
		{D3CFF26E-85AB-4111-B3E5-12363AD4AC55}.Debug|Any CPU.Build.0 = Debug|Any CPU
		{D3CFF26E-85AB-4111-B3E5-12363AD4AC55}.Release|Any CPU.ActiveCfg = Release|Any CPU
		{D3CFF26E-85AB-4111-B3E5-12363AD4AC55}.Release|Any CPU.Build.0 = Release|Any CPU
		{6A786F0F-01D3-4B3C-BE39-1854F05032E5}.Debug|Any CPU.ActiveCfg = Debug|Any CPU
		{6A786F0F-01D3-4B3C-BE39-1854F05032E5}.Debug|Any CPU.Build.0 = Debug|Any CPU
		{6A786F0F-01D3-4B3C-BE39-1854F05032E5}.Release|Any CPU.ActiveCfg = Release|Any CPU
		{6A786F0F-01D3-4B3C-BE39-1854F05032E5}.Release|Any CPU.Build.0 = Release|Any CPU
		{D32C2FB8-004A-4634-BCC5-679576E9A6F3}.Debug|Any CPU.ActiveCfg = Debug|Any CPU
		{D32C2FB8-004A-4634-BCC5-679576E9A6F3}.Debug|Any CPU.Build.0 = Debug|Any CPU
		{D32C2FB8-004A-4634-BCC5-679576E9A6F3}.Release|Any CPU.ActiveCfg = Release|Any CPU
		{D32C2FB8-004A-4634-BCC5-679576E9A6F3}.Release|Any CPU.Build.0 = Release|Any CPU
		{E711EBC2-246D-4F30-90F3-6315B77530D6}.Debug|Any CPU.ActiveCfg = Debug|Any CPU
		{E711EBC2-246D-4F30-90F3-6315B77530D6}.Debug|Any CPU.Build.0 = Debug|Any CPU
		{E711EBC2-246D-4F30-90F3-6315B77530D6}.Release|Any CPU.ActiveCfg = Release|Any CPU
		{E711EBC2-246D-4F30-90F3-6315B77530D6}.Release|Any CPU.Build.0 = Release|Any CPU
	EndGlobalSection
	GlobalSection(SolutionProperties) = preSolution
		HideSolutionNode = FALSE
	EndGlobalSection
EndGlobal
